
Microsoft Visual Studio Solution File, Format Version 12.00
Project("{FAE04EC0-301F-11D3-BF4B-00C04F79EFBC}") = "Lab2", "Lab2\Lab2.csproj", "{D50039AA-D2D5-4097-86CA-D1D1838B303C}"
EndProject
Project("{FAE04EC0-301F-11D3-BF4B-00C04F79EFBC}") = "Exercise1", "Exercise1\Exercise1.csproj", "{92A49AA2-997B-4EA8-B7E0-43BF3CA823F8}"
EndProject
Project("{FAE04EC0-301F-11D3-BF4B-00C04F79EFBC}") = "Exercise2", "Exercise2\Exercise2.csproj", "{F26DABB3-E1CC-4067-AA26-22B58B06670A}"
EndProject
Project("{FAE04EC0-301F-11D3-BF4B-00C04F79EFBC}") = "Exercise3", "Exercise3\Exercise3.csproj", "{01E34699-3FA2-41A7-9B7E-07241EA13B97}"
EndProject
Global
	GlobalSection(SolutionConfigurationPlatforms) = preSolution
		Debug|Any CPU = Debug|Any CPU
		Release|Any CPU = Release|Any CPU
	EndGlobalSection
	GlobalSection(ProjectConfigurationPlatforms) = postSolution
		{D50039AA-D2D5-4097-86CA-D1D1838B303C}.Debug|Any CPU.ActiveCfg = Debug|Any CPU
		{D50039AA-D2D5-4097-86CA-D1D1838B303C}.Debug|Any CPU.Build.0 = Debug|Any CPU
		{D50039AA-D2D5-4097-86CA-D1D1838B303C}.Release|Any CPU.ActiveCfg = Release|Any CPU
		{D50039AA-D2D5-4097-86CA-D1D1838B303C}.Release|Any CPU.Build.0 = Release|Any CPU
		{92A49AA2-997B-4EA8-B7E0-43BF3CA823F8}.Debug|Any CPU.ActiveCfg = Debug|Any CPU
		{92A49AA2-997B-4EA8-B7E0-43BF3CA823F8}.Debug|Any CPU.Build.0 = Debug|Any CPU
		{92A49AA2-997B-4EA8-B7E0-43BF3CA823F8}.Release|Any CPU.ActiveCfg = Release|Any CPU
		{92A49AA2-997B-4EA8-B7E0-43BF3CA823F8}.Release|Any CPU.Build.0 = Release|Any CPU
		{F26DABB3-E1CC-4067-AA26-22B58B06670A}.Debug|Any CPU.ActiveCfg = Debug|Any CPU
		{F26DABB3-E1CC-4067-AA26-22B58B06670A}.Debug|Any CPU.Build.0 = Debug|Any CPU
		{F26DABB3-E1CC-4067-AA26-22B58B06670A}.Release|Any CPU.ActiveCfg = Release|Any CPU
		{F26DABB3-E1CC-4067-AA26-22B58B06670A}.Release|Any CPU.Build.0 = Release|Any CPU
		{01E34699-3FA2-41A7-9B7E-07241EA13B97}.Debug|Any CPU.ActiveCfg = Debug|Any CPU
		{01E34699-3FA2-41A7-9B7E-07241EA13B97}.Debug|Any CPU.Build.0 = Debug|Any CPU
		{01E34699-3FA2-41A7-9B7E-07241EA13B97}.Release|Any CPU.ActiveCfg = Release|Any CPU
		{01E34699-3FA2-41A7-9B7E-07241EA13B97}.Release|Any CPU.Build.0 = Release|Any CPU
	EndGlobalSection
EndGlobal
